
Microsoft Visual Studio Solution File, Format Version 12.00
# Visual Studio Version 17
VisualStudioVersion = 17.9.34622.214
MinimumVisualStudioVersion = 10.0.40219.1
Project("{FAE04EC0-301F-11D3-BF4B-00C04F79EFBC}") = "SuperClock", "SuperClock.csproj", "{79543A52-6BA8-4EF2-BA5A-BBFFA49CEDDD}"
EndProject
Global
	GlobalSection(SolutionConfigurationPlatforms) = preSolution
		Debug|Any CPU = Debug|Any CPU
		Release|Any CPU = Release|Any CPU
	EndGlobalSection
	GlobalSection(ProjectConfigurationPlatforms) = postSolution
		{79543A52-6BA8-4EF2-BA5A-BBFFA49CEDDD}.Debug|Any CPU.ActiveCfg = Debug|Any CPU
		{79543A52-6BA8-4EF2-BA5A-BBFFA49CEDDD}.Debug|Any CPU.Build.0 = Debug|Any CPU
		{79543A52-6BA8-4EF2-BA5A-BBFFA49CEDDD}.Debug|Any CPU.Deploy.0 = Debug|Any CPU
		{79543A52-6BA8-4EF2-BA5A-BBFFA49CEDDD}.Release|Any CPU.ActiveCfg = Release|Any CPU
		{79543A52-6BA8-4EF2-BA5A-BBFFA49CEDDD}.Release|Any CPU.Build.0 = Release|Any CPU
		{79543A52-6BA8-4EF2-BA5A-BBFFA49CEDDD}.Release|Any CPU.Deploy.0 = Release|Any CPU
	EndGlobalSection
	GlobalSection(SolutionProperties) = preSolution
		HideSolutionNode = FALSE
	EndGlobalSection
	GlobalSection(ExtensibilityGlobals) = postSolution
		SolutionGuid = {80B8400A-0B7A-4428-9549-1F0977DDBAB6}
	EndGlobalSection
EndGlobal
